{
  "version": 4,
  "terraform_version": "1.5.0",
  "serial": 1,
  "lineage": "some-uuid-vulnerable",
  "outputs": {},
  "resources": [
    {
      "mode": "managed",
      "type": "aws_security_group",
      "name": "bad_sg",
      "provider": "provider[\"registry.terraform.io/hashicorp/aws\"]",
      "instances": [
        {
          "schema_version": 1,
          "attributes": {
            "id": "sg-987654",
            "name": "bad_sg",
            "region": "us-east-1",
            "ingress": [
              {
                "from_port": 22,
                "to_port": 22,
                "protocol": "tcp",
                "cidr_blocks": ["0.0.0.0/0"],
                "ipv6_cidr_blocks": []
              },
              {
                "from_port": 3389,
                "to_port": 3389,
                "protocol": "tcp",
                "cidr_blocks": ["0.0.0.0/0"],
                "ipv6_cidr_blocks": []
              },
              {
                "from_port": 0,
                "to_port": 0,
                "protocol": "-1",
                "cidr_blocks": ["0.0.0.0/0"],
                "ipv6_cidr_blocks": []
              },
              {
                "from_port": 8080,
                "to_port": 8080,
                "protocol": "tcp",
                "cidr_blocks": ["0.0.0.0/0"],
                "ipv6_cidr_blocks": []
              }
            ]
          }
        }
      ]
    },
    {
      "mode": "managed",
      "type": "aws_security_group_rule",
      "name": "bad_sg_rule",
      "provider": "provider[\"registry.terraform.io/hashicorp/aws\"]",
      "instances": [
        {
          "schema_version": 1,
          "attributes": {
            "id": "sgr-111111",
            "type": "ingress",
            "from_port": 22,
            "to_port": 22,
            "protocol": "tcp",
            "cidr_blocks": ["0.0.0.0/0"],
            "ipv6_cidr_blocks": []
          }
        }
      ]
    },
    {
      "mode": "managed",
      "type": "aws_s3_bucket",
      "name": "public_bucket",
      "provider": "provider[\"registry.terraform.io/hashicorp/aws\"]",
      "instances": [
        {
          "schema_version": 1,
          "attributes": {
            "id": "my-public-bucket",
            "region": "us-west-2",
            "acl": "public-read-write",
            "server_side_encryption_configuration": []
          }
        }
      ]
    },
    {
      "mode": "managed",
      "type": "aws_db_instance",
      "name": "public_db",
      "provider": "provider[\"registry.terraform.io/hashicorp/aws\"]",
      "instances": [
        {
          "schema_version": 1,
          "attributes": {
            "id": "my-public-db",
            "region": "us-east-1",
            "publicly_accessible": true,
            "storage_encrypted": false
          }
        }
      ]
    },
    {
      "mode": "managed",
      "type": "aws_iam_policy",
      "name": "admin_policy",
      "provider": "provider[\"registry.terraform.io/hashicorp/aws\"]",
      "instances": [
        {
          "schema_version": 1,
          "attributes": {
            "id": "arn:aws:iam::123456789012:policy/admin_policy",
            "name": "admin_policy",
            "policy": "{\"Version\": \"2012-10-17\", \"Statement\": [{\"Effect\": \"Allow\", \"Action\": \"*\", \"Resource\": \"*\"}]}"
          }
        }
      ]
    }
  ]
}
